
Microsoft Visual Studio Solution File, Format Version 12.00
# Visual Studio Version 16
VisualStudioVersion = 16.0.30413.136
MinimumVisualStudioVersion = 10.0.40219.1
Project("{FAE04EC0-301F-11D3-BF4B-00C04F79EFBC}") = "CDW2Project", "CDW2Project\CDW2Project.csproj", "{3B2809B8-5E90-4EA0-9463-0B5A3A113461}"
EndProject
Project("{FAE04EC0-301F-11D3-BF4B-00C04F79EFBC}") = "ModelDatabase", "ModelDatabase\ModelDatabase.csproj", "{1A63B3EB-AEAA-49A2-B2AC-3279C824647F}"
EndProject
Global
	GlobalSection(SolutionConfigurationPlatforms) = preSolution
		Debug|Any CPU = Debug|Any CPU
		Release|Any CPU = Release|Any CPU
	EndGlobalSection
	GlobalSection(ProjectConfigurationPlatforms) = postSolution
		{3B2809B8-5E90-4EA0-9463-0B5A3A113461}.Debug|Any CPU.ActiveCfg = Debug|Any CPU
		{3B2809B8-5E90-4EA0-9463-0B5A3A113461}.Debug|Any CPU.Build.0 = Debug|Any CPU
		{3B2809B8-5E90-4EA0-9463-0B5A3A113461}.Release|Any CPU.ActiveCfg = Release|Any CPU
		{3B2809B8-5E90-4EA0-9463-0B5A3A113461}.Release|Any CPU.Build.0 = Release|Any CPU
		{1A63B3EB-AEAA-49A2-B2AC-3279C824647F}.Debug|Any CPU.ActiveCfg = Debug|Any CPU
		{1A63B3EB-AEAA-49A2-B2AC-3279C824647F}.Debug|Any CPU.Build.0 = Debug|Any CPU
		{1A63B3EB-AEAA-49A2-B2AC-3279C824647F}.Release|Any CPU.ActiveCfg = Release|Any CPU
		{1A63B3EB-AEAA-49A2-B2AC-3279C824647F}.Release|Any CPU.Build.0 = Release|Any CPU
	EndGlobalSection
	GlobalSection(SolutionProperties) = preSolution
		HideSolutionNode = FALSE
	EndGlobalSection
	GlobalSection(ExtensibilityGlobals) = postSolution
		SolutionGuid = {EDC0DEE2-F6C7-4B33-89BA-CC80C47BC750}
	EndGlobalSection
EndGlobal
